// !$*UTF8*$!
{
	archiveVersion = 1;
	classes = {
	};
	objectVersion = 46;
	objects = {

/* Begin PBXBuildFile section */
		391FAADC1A7ADA2D00A41BC3 /* libopencv_core.2.4.9.dylib in Frameworks */ = {isa = PBXBuildFile; fileRef = 391FAADB1A7ADA2D00A41BC3 /* libopencv_core.2.4.9.dylib */; };
		391FAADF1A7ADA6800A41BC3 /* libopencv_highgui.2.4.9.dylib in Frameworks */ = {isa = PBXBuildFile; fileRef = 391FAADD1A7ADA6800A41BC3 /* libopencv_highgui.2.4.9.dylib */; };
		391FAAE01A7ADA6800A41BC3 /* libopencv_imgproc.2.4.9.dylib in Frameworks */ = {isa = PBXBuildFile; fileRef = 391FAADE1A7ADA6800A41BC3 /* libopencv_imgproc.2.4.9.dylib */; };
		39D00BCB1A7179310050DCFC /* main.cpp in Sources */ = {isa = PBXBuildFile; fileRef = 39D00BCA1A7179310050DCFC /* main.cpp */; };
		39D00BD31A717C0A0050DCFC /* Image.cpp in Sources */ = {isa = PBXBuildFile; fileRef = 39D00BD11A717C0A0050DCFC /* Image.cpp */; };
/* End PBXBuildFile section */

/* Begin PBXCopyFilesBuildPhase section */
		39D00BC51A7179310050DCFC /* CopyFiles */ = {
			isa = PBXCopyFilesBuildPhase;
			buildActionMask = 2147483647;
			dstPath = /usr/share/man/man1/;
			dstSubfolderSpec = 0;
			files = (
			);
			runOnlyForDeploymentPostprocessing = 1;
		};
/* End PBXCopyFilesBuildPhase section */

/* Begin PBXFileReference section */
		391FAADB1A7ADA2D00A41BC3 /* libopencv_core.2.4.9.dylib */ = {isa = PBXFileReference; lastKnownFileType = "compiled.mach-o.dylib"; name = libopencv_core.2.4.9.dylib; path = ../../../../../../../../usr/local/Cellar/opencv/2.4.9/lib/libopencv_core.2.4.9.dylib; sourceTree = "<group>"; };
		391FAADD1A7ADA6800A41BC3 /* libopencv_highgui.2.4.9.dylib */ = {isa = PBXFileReference; lastKnownFileType = "compiled.mach-o.dylib"; name = libopencv_highgui.2.4.9.dylib; path = ../../../../../../../../usr/local/Cellar/opencv/2.4.9/lib/libopencv_highgui.2.4.9.dylib; sourceTree = "<group>"; };
		391FAADE1A7ADA6800A41BC3 /* libopencv_imgproc.2.4.9.dylib */ = {isa = PBXFileReference; lastKnownFileType = "compiled.mach-o.dylib"; name = libopencv_imgproc.2.4.9.dylib; path = ../../../../../../../../usr/local/Cellar/opencv/2.4.9/lib/libopencv_imgproc.2.4.9.dylib; sourceTree = "<group>"; };
		39D00BC71A7179310050DCFC /* tp1 */ = {isa = PBXFileReference; explicitFileType = "compiled.mach-o.executable"; includeInIndex = 0; path = tp1; sourceTree = BUILT_PRODUCTS_DIR; };
		39D00BCA1A7179310050DCFC /* main.cpp */ = {isa = PBXFileReference; lastKnownFileType = sourcecode.cpp.cpp; path = main.cpp; sourceTree = "<group>"; };
		39D00BD11A717C0A0050DCFC /* Image.cpp */ = {isa = PBXFileReference; fileEncoding = 4; lastKnownFileType = sourcecode.cpp.cpp; path = Image.cpp; sourceTree = "<group>"; };
		39D00BD21A717C0A0050DCFC /* Image.h */ = {isa = PBXFileReference; fileEncoding = 4; lastKnownFileType = sourcecode.c.h; path = Image.h; sourceTree = "<group>"; };
/* End PBXFileReference section */

/* Begin PBXFrameworksBuildPhase section */
		39D00BC41A7179310050DCFC /* Frameworks */ = {
			isa = PBXFrameworksBuildPhase;
			buildActionMask = 2147483647;
			files = (
				391FAAE01A7ADA6800A41BC3 /* libopencv_imgproc.2.4.9.dylib in Frameworks */,
				391FAADF1A7ADA6800A41BC3 /* libopencv_highgui.2.4.9.dylib in Frameworks */,
				391FAADC1A7ADA2D00A41BC3 /* libopencv_core.2.4.9.dylib in Frameworks */,
			);
			runOnlyForDeploymentPostprocessing = 0;
		};
/* End PBXFrameworksBuildPhase section */

/* Begin PBXGroup section */
		39D00BBE1A7179310050DCFC = {
			isa = PBXGroup;
			children = (
				391FAADD1A7ADA6800A41BC3 /* libopencv_highgui.2.4.9.dylib */,
				391FAADE1A7ADA6800A41BC3 /* libopencv_imgproc.2.4.9.dylib */,
				391FAADB1A7ADA2D00A41BC3 /* libopencv_core.2.4.9.dylib */,
				39D00BC91A7179310050DCFC /* tp1 */,
				39D00BC81A7179310050DCFC /* Products */,
			);
			sourceTree = "<group>";
		};
		39D00BC81A7179310050DCFC /* Products */ = {
			isa = PBXGroup;
			children = (
				39D00BC71A7179310050DCFC /* tp1 */,
			);
			name = Products;
			sourceTree = "<group>";
		};
		39D00BC91A7179310050DCFC /* tp1 */ = {
			isa = PBXGroup;
			children = (
				39D00BD11A717C0A0050DCFC /* Image.cpp */,
				39D00BD21A717C0A0050DCFC /* Image.h */,
				39D00BCA1A7179310050DCFC /* main.cpp */,
			);
			path = tp1;
			sourceTree = "<group>";
		};
/* End PBXGroup section */

/* Begin PBXNativeTarget section */
		39D00BC61A7179310050DCFC /* tp1 */ = {
			isa = PBXNativeTarget;
			buildConfigurationList = 39D00BCE1A7179310050DCFC /* Build configuration list for PBXNativeTarget "tp1" */;
			buildPhases = (
				39D00BC31A7179310050DCFC /* Sources */,
				39D00BC41A7179310050DCFC /* Frameworks */,
				39D00BC51A7179310050DCFC /* CopyFiles */,
			);
			buildRules = (
			);
			dependencies = (
			);
			name = tp1;
			productName = tp1;
			productReference = 39D00BC71A7179310050DCFC /* tp1 */;
			productType = "com.apple.product-type.tool";
		};
/* End PBXNativeTarget section */

/* Begin PBXProject section */
		39D00BBF1A7179310050DCFC /* Project object */ = {
			isa = PBXProject;
			attributes = {
				LastUpgradeCheck = 0610;
				ORGANIZATIONNAME = "François Bélanger 94 245 437";
				TargetAttributes = {
					39D00BC61A7179310050DCFC = {
						CreatedOnToolsVersion = 6.1.1;
					};
				};
			};
			buildConfigurationList = 39D00BC21A7179310050DCFC /* Build configuration list for PBXProject "tp1" */;
			compatibilityVersion = "Xcode 3.2";
			developmentRegion = English;
			hasScannedForEncodings = 0;
			knownRegions = (
				en,
			);
			mainGroup = 39D00BBE1A7179310050DCFC;
			productRefGroup = 39D00BC81A7179310050DCFC /* Products */;
			projectDirPath = "";
			projectRoot = "";
			targets = (
				39D00BC61A7179310050DCFC /* tp1 */,
			);
		};
/* End PBXProject section */

/* Begin PBXSourcesBuildPhase section */
		39D00BC31A7179310050DCFC /* Sources */ = {
			isa = PBXSourcesBuildPhase;
			buildActionMask = 2147483647;
			files = (
				39D00BCB1A7179310050DCFC /* main.cpp in Sources */,
				39D00BD31A717C0A0050DCFC /* Image.cpp in Sources */,
			);
			runOnlyForDeploymentPostprocessing = 0;
		};
/* End PBXSourcesBuildPhase section */

/* Begin XCBuildConfiguration section */
		39D00BCC1A7179310050DCFC /* Debug */ = {
			isa = XCBuildConfiguration;
			buildSettings = {
				ALWAYS_SEARCH_USER_PATHS = NO;
				CLANG_CXX_LANGUAGE_STANDARD = "gnu++0x";
				CLANG_CXX_LIBRARY = "libc++";
				CLANG_ENABLE_MODULES = YES;
				CLANG_ENABLE_OBJC_ARC = YES;
				CLANG_WARN_BOOL_CONVERSION = YES;
				CLANG_WARN_CONSTANT_CONVERSION = YES;
				CLANG_WARN_DIRECT_OBJC_ISA_USAGE = YES_ERROR;
				CLANG_WARN_EMPTY_BODY = YES;
				CLANG_WARN_ENUM_CONVERSION = YES;
				CLANG_WARN_INT_CONVERSION = YES;
				CLANG_WARN_OBJC_ROOT_CLASS = YES_ERROR;
				CLANG_WARN_UNREACHABLE_CODE = YES;
				CLANG_WARN__DUPLICATE_METHOD_MATCH = YES;
				COPY_PHASE_STRIP = NO;
				ENABLE_STRICT_OBJC_MSGSEND = YES;
				GCC_C_LANGUAGE_STANDARD = gnu99;
				GCC_DYNAMIC_NO_PIC = NO;
				GCC_OPTIMIZATION_LEVEL = 0;
				GCC_PREPROCESSOR_DEFINITIONS = (
					"DEBUG=1",
					"$(inherited)",
				);
				GCC_SYMBOLS_PRIVATE_EXTERN = NO;
				GCC_WARN_64_TO_32_BIT_CONVERSION = YES;
				GCC_WARN_ABOUT_RETURN_TYPE = YES_ERROR;
				GCC_WARN_UNDECLARED_SELECTOR = YES;
				GCC_WARN_UNINITIALIZED_AUTOS = YES_AGGRESSIVE;
				GCC_WARN_UNUSED_FUNCTION = YES;
				GCC_WARN_UNUSED_VARIABLE = YES;
				HEADER_SEARCH_PATHS = (
					"$(inherited)",
					/Applications/Xcode.app/Contents/Developer/Toolchains/XcodeDefault.xctoolchain/usr/include,
					/usr/local/include,
				);
				LIBRARY_SEARCH_PATHS = "";
				MACOSX_DEPLOYMENT_TARGET = 10.10;
				MTL_ENABLE_DEBUG_INFO = YES;
				ONLY_ACTIVE_ARCH = YES;
				SDKROOT = macosx;
			};
			name = Debug;
		};
		39D00BCD1A7179310050DCFC /* Release */ = {
			isa = XCBuildConfiguration;
			buildSettings = {
				ALWAYS_SEARCH_USER_PATHS = NO;
				CLANG_CXX_LANGUAGE_STANDARD = "gnu++0x";
				CLANG_CXX_LIBRARY = "libc++";
				CLANG_ENABLE_MODULES = YES;
				CLANG_ENABLE_OBJC_ARC = YES;
				CLANG_WARN_BOOL_CONVERSION = YES;
				CLANG_WARN_CONSTANT_CONVERSION = YES;
				CLANG_WARN_DIRECT_OBJC_ISA_USAGE = YES_ERROR;
				CLANG_WARN_EMPTY_BODY = YES;
				CLANG_WARN_ENUM_CONVERSION = YES;
				CLANG_WARN_INT_CONVERSION = YES;
				CLANG_WARN_OBJC_ROOT_CLASS = YES_ERROR;
				CLANG_WARN_UNREACHABLE_CODE = YES;
				CLANG_WARN__DUPLICATE_METHOD_MATCH = YES;
				COPY_PHASE_STRIP = YES;
				DEBUG_INFORMATION_FORMAT = "dwarf-with-dsym";
				ENABLE_NS_ASSERTIONS = NO;
				ENABLE_STRICT_OBJC_MSGSEND = YES;
				GCC_C_LANGUAGE_STANDARD = gnu99;
				GCC_WARN_64_TO_32_BIT_CONVERSION = YES;
				GCC_WARN_ABOUT_RETURN_TYPE = YES_ERROR;
				GCC_WARN_UNDECLARED_SELECTOR = YES;
				GCC_WARN_UNINITIALIZED_AUTOS = YES_AGGRESSIVE;
				GCC_WARN_UNUSED_FUNCTION = YES;
				GCC_WARN_UNUSED_VARIABLE = YES;
				HEADER_SEARCH_PATHS = (
					"$(inherited)",
					/Applications/Xcode.app/Contents/Developer/Toolchains/XcodeDefault.xctoolchain/usr/include,
					/usr/local/include,
				);
				LIBRARY_SEARCH_PATHS = "";
				MACOSX_DEPLOYMENT_TARGET = 10.10;
				MTL_ENABLE_DEBUG_INFO = NO;
				SDKROOT = macosx;
			};
			name = Release;
		};
		39D00BCF1A7179310050DCFC /* Debug */ = {
			isa = XCBuildConfiguration;
			buildSettings = {
				LIBRARY_SEARCH_PATHS = (
					"$(inherited)",
					/usr/local/Cellar/opencv/2.4.9/lib,
				);
				PRODUCT_NAME = "$(TARGET_NAME)";
			};
			name = Debug;
		};
		39D00BD01A7179310050DCFC /* Release */ = {
			isa = XCBuildConfiguration;
			buildSettings = {
				LIBRARY_SEARCH_PATHS = (
					"$(inherited)",
					/usr/local/Cellar/opencv/2.4.9/lib,
				);
				PRODUCT_NAME = "$(TARGET_NAME)";
			};
			name = Release;
		};
/* End XCBuildConfiguration section */

/* Begin XCConfigurationList section */
		39D00BC21A7179310050DCFC /* Build configuration list for PBXProject "tp1" */ = {
			isa = XCConfigurationList;
			buildConfigurations = (
				39D00BCC1A7179310050DCFC /* Debug */,
				39D00BCD1A7179310050DCFC /* Release */,
			);
			defaultConfigurationIsVisible = 0;
			defaultConfigurationName = Release;
		};
		39D00BCE1A7179310050DCFC /* Build configuration list for PBXNativeTarget "tp1" */ = {
			isa = XCConfigurationList;
			buildConfigurations = (
				39D00BCF1A7179310050DCFC /* Debug */,
				39D00BD01A7179310050DCFC /* Release */,
			);
			defaultConfigurationIsVisible = 0;
			defaultConfigurationName = Release;
		};
/* End XCConfigurationList section */
	};
	rootObject = 39D00BBF1A7179310050DCFC /* Project object */;
}
